{
  "nodes": {
    "nixpkgs": {
      "locked": {
        "lastModified": 1736669804,
        "narHash": "sha256-EZusd5yhiZLXdBUDtXB3wCX3QvBeSFx/N0AstaajzpU=",
        "owner": "NixOS",
        "repo": "nixpkgs",
        "rev": "87d46406d6280e1c064bc5df10ebd09ce3113cb3",
        "type": "github"
      },
      "original": {
        "id": "nixpkgs",
        "ref": "nixos-24.11-small",
        "type": "indirect"
      }
    },
    "root": {
      "inputs": {
        "nixpkgs": "nixpkgs"
      }
    }
  },
  "root": "root",
  "version": 7
}
